
Microsoft Visual Studio Solution File, Format Version 12.00
# Visual Studio Version 17
VisualStudioVersion = 17.7.34003.232
MinimumVisualStudioVersion = 10.0.40219.1
Project("{FAE04EC0-301F-11D3-BF4B-00C04F79EFBC}") = "LINQ_Dallas", "LINQ_Dallas\LINQ_Dallas.csproj", "{52937433-68DB-4907-A5C5-AA46888D6331}"
EndProject
Global
	GlobalSection(SolutionConfigurationPlatforms) = preSolution
		Debug|Any CPU = Debug|Any CPU
		Release|Any CPU = Release|Any CPU
	EndGlobalSection
	GlobalSection(ProjectConfigurationPlatforms) = postSolution
		{52937433-68DB-4907-A5C5-AA46888D6331}.Debug|Any CPU.ActiveCfg = Debug|Any CPU
		{52937433-68DB-4907-A5C5-AA46888D6331}.Debug|Any CPU.Build.0 = Debug|Any CPU
		{52937433-68DB-4907-A5C5-AA46888D6331}.Release|Any CPU.ActiveCfg = Release|Any CPU
		{52937433-68DB-4907-A5C5-AA46888D6331}.Release|Any CPU.Build.0 = Release|Any CPU
	EndGlobalSection
	GlobalSection(SolutionProperties) = preSolution
		HideSolutionNode = FALSE
	EndGlobalSection
	GlobalSection(ExtensibilityGlobals) = postSolution
		SolutionGuid = {FEA7A6A4-208A-442F-90B6-05AB643D3985}
	EndGlobalSection
EndGlobal
